{
  "nodes": {
    "nixpkgs": {
      "locked": {
        "lastModified": 1774709303,
        "narHash": "sha256-D3Q07BbIA2KnTcSXIqqu9P586uWxN74zNoCH3h2ESHg=",
        "owner": "nixos",
        "repo": "nixpkgs",
        "rev": "8110df5ad7abf5d4c0f6fb0f8f978390e77f9685",
        "type": "github"
      },
      "original": {
        "owner": "nixos",
        "ref": "nixos-unstable",
        "repo": "nixpkgs",
        "type": "github"
      }
    },
    "root": {
      "inputs": {
        "nixpkgs": "nixpkgs",
        "servant-effectful": "servant-effectful",
        "wai-middleware-auth": "wai-middleware-auth"
      }
    },
    "servant-effectful": {
      "flake": false,
      "locked": {
        "lastModified": 1754045536,
        "narHash": "sha256-G3ytfnCwpklrLUoxvC3JDFBZsgku6+R2Gf/snPH7cug=",
        "owner": "Kleidukos",
        "repo": "servant-effectful",
        "rev": "1e574e6c0144456ee7d161a586fcc82377c9454d",
        "type": "github"
      },
      "original": {
        "owner": "Kleidukos",
        "repo": "servant-effectful",
        "type": "github"
      }
    },
    "wai-middleware-auth": {
      "flake": false,
      "locked": {
        "lastModified": 1775021304,
        "narHash": "sha256-RdmMWYaxtMrDdph1QHRtdm0/LDLmU/t9GdMet9d4Pdo=",
        "owner": "ners",
        "repo": "wai-middleware-auth",
        "rev": "3619e4cf27cad0cc7059a58b12794dbf44858f69",
        "type": "github"
      },
      "original": {
        "owner": "ners",
        "repo": "wai-middleware-auth",
        "type": "github"
      }
    }
  },
  "root": "root",
  "version": 7
}
